
Microsoft Visual Studio Solution File, Format Version 12.00
# Visual Studio 15
VisualStudioVersion = 15.0.28307.1169
MinimumVisualStudioVersion = 10.0.40219.1
Project("{FAE04EC0-301F-11D3-BF4B-00C04F79EFBC}") = "SistemaVentas", "SistemaVentas\SistemaVentas.csproj", "{7CA6402E-CD5E-4372-9F9F-2CD5D1805AEC}"
EndProject
Project("{FAE04EC0-301F-11D3-BF4B-00C04F79EFBC}") = "CapaModelo", "CapaModelo\CapaModelo.csproj", "{331F024E-B461-440D-A50B-FF6C79311AF3}"
EndProject
Project("{FAE04EC0-301F-11D3-BF4B-00C04F79EFBC}") = "CapaDatos", "CapaDatos\CapaDatos.csproj", "{2E29B887-97A3-47A9-B0F8-FB30EED30C3C}"
EndProject
Global
	GlobalSection(SolutionConfigurationPlatforms) = preSolution
		Debug|Any CPU = Debug|Any CPU
		Release|Any CPU = Release|Any CPU
	EndGlobalSection
	GlobalSection(ProjectConfigurationPlatforms) = postSolution
		{7CA6402E-CD5E-4372-9F9F-2CD5D1805AEC}.Debug|Any CPU.ActiveCfg = Debug|Any CPU
		{7CA6402E-CD5E-4372-9F9F-2CD5D1805AEC}.Debug|Any CPU.Build.0 = Debug|Any CPU
		{7CA6402E-CD5E-4372-9F9F-2CD5D1805AEC}.Release|Any CPU.ActiveCfg = Release|Any CPU
		{7CA6402E-CD5E-4372-9F9F-2CD5D1805AEC}.Release|Any CPU.Build.0 = Release|Any CPU
		{331F024E-B461-440D-A50B-FF6C79311AF3}.Debug|Any CPU.ActiveCfg = Debug|Any CPU
		{331F024E-B461-440D-A50B-FF6C79311AF3}.Debug|Any CPU.Build.0 = Debug|Any CPU
		{331F024E-B461-440D-A50B-FF6C79311AF3}.Release|Any CPU.ActiveCfg = Release|Any CPU
		{331F024E-B461-440D-A50B-FF6C79311AF3}.Release|Any CPU.Build.0 = Release|Any CPU
		{2E29B887-97A3-47A9-B0F8-FB30EED30C3C}.Debug|Any CPU.ActiveCfg = Debug|Any CPU
		{2E29B887-97A3-47A9-B0F8-FB30EED30C3C}.Debug|Any CPU.Build.0 = Debug|Any CPU
		{2E29B887-97A3-47A9-B0F8-FB30EED30C3C}.Release|Any CPU.ActiveCfg = Release|Any CPU
		{2E29B887-97A3-47A9-B0F8-FB30EED30C3C}.Release|Any CPU.Build.0 = Release|Any CPU
	EndGlobalSection
	GlobalSection(SolutionProperties) = preSolution
		HideSolutionNode = FALSE
	EndGlobalSection
	GlobalSection(ExtensibilityGlobals) = postSolution
		SolutionGuid = {2F36844B-B2D5-4EF7-B024-93940BF3D3AB}
	EndGlobalSection
EndGlobal
